// !$*UTF8*$!
{
	archiveVersion = 1;
	classes = {
	};
	objectVersion = 46;
	objects = {

/* Begin PBXBuildFile section */
		D61920D81BCDE4A000EF9896 /* UITextField+HMSugarKit.h in Headers */ = {isa = PBXBuildFile; fileRef = D61920D61BCDE4A000EF9896 /* UITextField+HMSugarKit.h */; settings = {ASSET_TAGS = (); }; };
		D61920D91BCDE4A000EF9896 /* UITextField+HMSugarKit.m in Sources */ = {isa = PBXBuildFile; fileRef = D61920D71BCDE4A000EF9896 /* UITextField+HMSugarKit.m */; settings = {ASSET_TAGS = (); }; };
		D624EA751BC7504D00B9B193 /* UIScrollView+HMSugarKit.h in Headers */ = {isa = PBXBuildFile; fileRef = D624EA731BC7504D00B9B193 /* UIScrollView+HMSugarKit.h */; settings = {ASSET_TAGS = (); }; };
		D624EA761BC7504D00B9B193 /* UIScrollView+HMSugarKit.m in Sources */ = {isa = PBXBuildFile; fileRef = D624EA741BC7504D00B9B193 /* UIScrollView+HMSugarKit.m */; settings = {ASSET_TAGS = (); }; };
		D629EA341BCA18B3009295F5 /* SKQueue.h in Headers */ = {isa = PBXBuildFile; fileRef = D629EA321BCA18B3009295F5 /* SKQueue.h */; settings = {ASSET_TAGS = (); }; };
		D629EA351BCA18B3009295F5 /* SKQueue.m in Sources */ = {isa = PBXBuildFile; fileRef = D629EA331BCA18B3009295F5 /* SKQueue.m */; settings = {ASSET_TAGS = (); }; };
		D646F1281BC37C4D00F2FF2F /* NSObject+HMSugarKit.h in Headers */ = {isa = PBXBuildFile; fileRef = D646F1261BC37C4D00F2FF2F /* NSObject+HMSugarKit.h */; settings = {ASSET_TAGS = (); }; };
		D646F1291BC37C4D00F2FF2F /* NSObject+HMSugarKit.m in Sources */ = {isa = PBXBuildFile; fileRef = D646F1271BC37C4D00F2FF2F /* NSObject+HMSugarKit.m */; settings = {ASSET_TAGS = (); }; };
		D6542CF31BCB6B570041397D /* UIView+HMSugarKit.h in Headers */ = {isa = PBXBuildFile; fileRef = D6542CF11BCB6B570041397D /* UIView+HMSugarKit.h */; settings = {ASSET_TAGS = (); }; };
		D6542CF41BCB6B570041397D /* UIView+HMSugarKit.m in Sources */ = {isa = PBXBuildFile; fileRef = D6542CF21BCB6B570041397D /* UIView+HMSugarKit.m */; settings = {ASSET_TAGS = (); }; };
		D69008991BBA7AB2005FF1B2 /* HMSugarKit.h in Headers */ = {isa = PBXBuildFile; fileRef = D69008981BBA7AB2005FF1B2 /* HMSugarKit.h */; settings = {ATTRIBUTES = (Public, ); }; };
		D69008A01BBA7AB2005FF1B2 /* HMSugarKit.framework in Frameworks */ = {isa = PBXBuildFile; fileRef = D69008951BBA7AB2005FF1B2 /* HMSugarKit.framework */; settings = {ASSET_TAGS = (); }; };
		D69008A51BBA7AB2005FF1B2 /* HMSugarKitTests.m in Sources */ = {isa = PBXBuildFile; fileRef = D69008A41BBA7AB2005FF1B2 /* HMSugarKitTests.m */; };
		D69008B21BBA7AEB005FF1B2 /* NSNumber+HMSugarKit.h in Headers */ = {isa = PBXBuildFile; fileRef = D69008B01BBA7AEB005FF1B2 /* NSNumber+HMSugarKit.h */; settings = {ASSET_TAGS = (); }; };
		D69008B31BBA7AEB005FF1B2 /* NSNumber+HMSugarKit.m in Sources */ = {isa = PBXBuildFile; fileRef = D69008B11BBA7AEB005FF1B2 /* NSNumber+HMSugarKit.m */; settings = {ASSET_TAGS = (); }; };
		D69008B41BBA7AEB005FF1B2 /* NSNumber+HMSugarKit.m in Sources */ = {isa = PBXBuildFile; fileRef = D69008B11BBA7AEB005FF1B2 /* NSNumber+HMSugarKit.m */; settings = {ASSET_TAGS = (); }; };
		D69008B71BBA90A9005FF1B2 /* NSDictionary+HMSugarKit.h in Headers */ = {isa = PBXBuildFile; fileRef = D69008B51BBA90A9005FF1B2 /* NSDictionary+HMSugarKit.h */; settings = {ASSET_TAGS = (); }; };
		D69008B81BBA90A9005FF1B2 /* NSDictionary+HMSugarKit.m in Sources */ = {isa = PBXBuildFile; fileRef = D69008B61BBA90A9005FF1B2 /* NSDictionary+HMSugarKit.m */; settings = {ASSET_TAGS = (); }; };
		D69008B91BBA90A9005FF1B2 /* NSDictionary+HMSugarKit.m in Sources */ = {isa = PBXBuildFile; fileRef = D69008B61BBA90A9005FF1B2 /* NSDictionary+HMSugarKit.m */; settings = {ASSET_TAGS = (); }; };
		D69008BC1BBAB0E3005FF1B2 /* NSNumber+HMSugarKitTset.m in Sources */ = {isa = PBXBuildFile; fileRef = D69008BB1BBAB0E3005FF1B2 /* NSNumber+HMSugarKitTset.m */; settings = {ASSET_TAGS = (); }; };
		D696A3611BCE82B0006B3EE6 /* NSURL+HMSugarKit.h in Headers */ = {isa = PBXBuildFile; fileRef = D696A35F1BCE82B0006B3EE6 /* NSURL+HMSugarKit.h */; settings = {ASSET_TAGS = (); }; };
		D696A3621BCE82B0006B3EE6 /* NSURL+HMSugarKit.m in Sources */ = {isa = PBXBuildFile; fileRef = D696A3601BCE82B0006B3EE6 /* NSURL+HMSugarKit.m */; settings = {ASSET_TAGS = (); }; };
		D696A36B1BCFCD38006B3EE6 /* CLLocation+HMSugarKit.h in Headers */ = {isa = PBXBuildFile; fileRef = D696A3671BCFCD38006B3EE6 /* CLLocation+HMSugarKit.h */; settings = {ASSET_TAGS = (); }; };
		D696A36C1BCFCD38006B3EE6 /* CLLocation+HMSugarKit.m in Sources */ = {isa = PBXBuildFile; fileRef = D696A3681BCFCD38006B3EE6 /* CLLocation+HMSugarKit.m */; settings = {ASSET_TAGS = (); }; };
		D696A36D1BCFCD38006B3EE6 /* GetDistanceHubeny.h in Headers */ = {isa = PBXBuildFile; fileRef = D696A3691BCFCD38006B3EE6 /* GetDistanceHubeny.h */; settings = {ASSET_TAGS = (); }; };
		D696A36E1BCFCD38006B3EE6 /* GetDistanceHubeny.m in Sources */ = {isa = PBXBuildFile; fileRef = D696A36A1BCFCD38006B3EE6 /* GetDistanceHubeny.m */; settings = {ASSET_TAGS = (); }; };
		D696A3711BCFCD63006B3EE6 /* UIViewController+HMSugarKit.h in Headers */ = {isa = PBXBuildFile; fileRef = D696A36F1BCFCD63006B3EE6 /* UIViewController+HMSugarKit.h */; settings = {ASSET_TAGS = (); }; };
		D696A3721BCFCD63006B3EE6 /* UIViewController+HMSugarKit.m in Sources */ = {isa = PBXBuildFile; fileRef = D696A3701BCFCD63006B3EE6 /* UIViewController+HMSugarKit.m */; settings = {ASSET_TAGS = (); }; };
		D696A3751BCFCD8A006B3EE6 /* HMSugarKitFunction.h in Headers */ = {isa = PBXBuildFile; fileRef = D696A3731BCFCD8A006B3EE6 /* HMSugarKitFunction.h */; settings = {ASSET_TAGS = (); }; };
		D696A3761BCFCD8A006B3EE6 /* HMSugarKitFunction.m in Sources */ = {isa = PBXBuildFile; fileRef = D696A3741BCFCD8A006B3EE6 /* HMSugarKitFunction.m */; settings = {ASSET_TAGS = (); }; };
		D6A4D6831BBAB84E007AC112 /* NSDictionary+HMSugarKitTest.m in Sources */ = {isa = PBXBuildFile; fileRef = D6A4D6821BBAB84E007AC112 /* NSDictionary+HMSugarKitTest.m */; settings = {ASSET_TAGS = (); }; };
		D6A4D6861BBACEA3007AC112 /* NSArray+HMSugarKit.h in Headers */ = {isa = PBXBuildFile; fileRef = D6A4D6841BBACEA3007AC112 /* NSArray+HMSugarKit.h */; settings = {ASSET_TAGS = (); }; };
		D6A4D6871BBACEA3007AC112 /* NSArray+HMSugarKit.m in Sources */ = {isa = PBXBuildFile; fileRef = D6A4D6851BBACEA3007AC112 /* NSArray+HMSugarKit.m */; settings = {ASSET_TAGS = (); }; };
		D6A4D6881BBACEA9007AC112 /* NSArray+HMSugarKit.m in Sources */ = {isa = PBXBuildFile; fileRef = D6A4D6851BBACEA3007AC112 /* NSArray+HMSugarKit.m */; settings = {ASSET_TAGS = (); }; };
		D6B9F67A1BBC9F2F0070EC6A /* LICENSE in Resources */ = {isa = PBXBuildFile; fileRef = D6B9F6791BBC9F2F0070EC6A /* LICENSE */; settings = {ASSET_TAGS = (); }; };
		D6C592C11BC6220500EFEC9E /* UISlider+HMSugarKit.h in Headers */ = {isa = PBXBuildFile; fileRef = D6C592BF1BC6220500EFEC9E /* UISlider+HMSugarKit.h */; settings = {ASSET_TAGS = (); }; };
		D6C592C21BC6220500EFEC9E /* UISlider+HMSugarKit.m in Sources */ = {isa = PBXBuildFile; fileRef = D6C592C01BC6220500EFEC9E /* UISlider+HMSugarKit.m */; settings = {ASSET_TAGS = (); }; };
		D6C592C61BC622A300EFEC9E /* SKStep.h in Headers */ = {isa = PBXBuildFile; fileRef = D6C592C41BC622A300EFEC9E /* SKStep.h */; settings = {ASSET_TAGS = (); }; };
		D6C592C71BC622A300EFEC9E /* SKStep.m in Sources */ = {isa = PBXBuildFile; fileRef = D6C592C51BC622A300EFEC9E /* SKStep.m */; settings = {ASSET_TAGS = (); }; };
		D6C592C91BC6283500EFEC9E /* SKStepTest.m in Sources */ = {isa = PBXBuildFile; fileRef = D6C592C81BC6283500EFEC9E /* SKStepTest.m */; settings = {ASSET_TAGS = (); }; };
		D6CC11BE1BCF9B13004769F4 /* SKLog.h in Headers */ = {isa = PBXBuildFile; fileRef = D6CC11BC1BCF9B13004769F4 /* SKLog.h */; settings = {ASSET_TAGS = (); }; };
		D6D61EAF1BC53B1C00B150E6 /* NSSet+HMSugarKit.h in Headers */ = {isa = PBXBuildFile; fileRef = D6D61EAD1BC53B1C00B150E6 /* NSSet+HMSugarKit.h */; settings = {ASSET_TAGS = (); }; };
		D6D61EB01BC53B1C00B150E6 /* NSSet+HMSugarKit.m in Sources */ = {isa = PBXBuildFile; fileRef = D6D61EAE1BC53B1C00B150E6 /* NSSet+HMSugarKit.m */; settings = {ASSET_TAGS = (); }; };
		D6D61EB31BC53B2700B150E6 /* NSDate+HMSugarKit.h in Headers */ = {isa = PBXBuildFile; fileRef = D6D61EB11BC53B2700B150E6 /* NSDate+HMSugarKit.h */; settings = {ASSET_TAGS = (); }; };
		D6D61EB41BC53B2700B150E6 /* NSDate+HMSugarKit.m in Sources */ = {isa = PBXBuildFile; fileRef = D6D61EB21BC53B2700B150E6 /* NSDate+HMSugarKit.m */; settings = {ASSET_TAGS = (); }; };
		D6D61EB91BC53B5600B150E6 /* UIKitFunction+HMSugarKit.h in Headers */ = {isa = PBXBuildFile; fileRef = D6D61EB51BC53B5600B150E6 /* UIKitFunction+HMSugarKit.h */; settings = {ASSET_TAGS = (); }; };
		D6D61EBA1BC53B5600B150E6 /* UIKitFunction+HMSugarKit.m in Sources */ = {isa = PBXBuildFile; fileRef = D6D61EB61BC53B5600B150E6 /* UIKitFunction+HMSugarKit.m */; settings = {ASSET_TAGS = (); }; };
		D6D61EBB1BC53B5600B150E6 /* UITableView+HMSugarKit.h in Headers */ = {isa = PBXBuildFile; fileRef = D6D61EB71BC53B5600B150E6 /* UITableView+HMSugarKit.h */; settings = {ASSET_TAGS = (); }; };
		D6D61EBC1BC53B5600B150E6 /* UITableView+HMSugarKit.m in Sources */ = {isa = PBXBuildFile; fileRef = D6D61EB81BC53B5600B150E6 /* UITableView+HMSugarKit.m */; settings = {ASSET_TAGS = (); }; };
		D6E28D931BBE33420094F714 /* SKRangeTest.m in Sources */ = {isa = PBXBuildFile; fileRef = D6E28D921BBE33420094F714 /* SKRangeTest.m */; settings = {ASSET_TAGS = (); }; };
		D6E7D03D1BBBB63B00F80BFA /* SKRange.h in Headers */ = {isa = PBXBuildFile; fileRef = D6E7D03B1BBBB63B00F80BFA /* SKRange.h */; settings = {ASSET_TAGS = (); }; };
		D6E7D03E1BBBB63B00F80BFA /* SKRange.m in Sources */ = {isa = PBXBuildFile; fileRef = D6E7D03C1BBBB63B00F80BFA /* SKRange.m */; settings = {ASSET_TAGS = (); }; };
		D6E7D03F1BBBB63B00F80BFA /* SKRange.m in Sources */ = {isa = PBXBuildFile; fileRef = D6E7D03C1BBBB63B00F80BFA /* SKRange.m */; settings = {ASSET_TAGS = (); }; };
/* End PBXBuildFile section */

/* Begin PBXContainerItemProxy section */
		D69008A11BBA7AB2005FF1B2 /* PBXContainerItemProxy */ = {
			isa = PBXContainerItemProxy;
			containerPortal = D690088C1BBA7AB2005FF1B2 /* Project object */;
			proxyType = 1;
			remoteGlobalIDString = D69008941BBA7AB2005FF1B2;
			remoteInfo = HMSugarKit;
		};
/* End PBXContainerItemProxy section */

/* Begin PBXFileReference section */
		D61920D61BCDE4A000EF9896 /* UITextField+HMSugarKit.h */ = {isa = PBXFileReference; fileEncoding = 4; lastKnownFileType = sourcecode.c.h; name = "UITextField+HMSugarKit.h"; path = "Class/UIKit/UITextField+HMSugarKit.h"; sourceTree = "<group>"; };
		D61920D71BCDE4A000EF9896 /* UITextField+HMSugarKit.m */ = {isa = PBXFileReference; fileEncoding = 4; lastKnownFileType = sourcecode.c.objc; name = "UITextField+HMSugarKit.m"; path = "Class/UIKit/UITextField+HMSugarKit.m"; sourceTree = "<group>"; };
		D624EA731BC7504D00B9B193 /* UIScrollView+HMSugarKit.h */ = {isa = PBXFileReference; fileEncoding = 4; lastKnownFileType = sourcecode.c.h; name = "UIScrollView+HMSugarKit.h"; path = "Class/UIKit/UIScrollView+HMSugarKit.h"; sourceTree = "<group>"; };
		D624EA741BC7504D00B9B193 /* UIScrollView+HMSugarKit.m */ = {isa = PBXFileReference; fileEncoding = 4; lastKnownFileType = sourcecode.c.objc; name = "UIScrollView+HMSugarKit.m"; path = "Class/UIKit/UIScrollView+HMSugarKit.m"; sourceTree = "<group>"; };
		D629EA321BCA18B3009295F5 /* SKQueue.h */ = {isa = PBXFileReference; fileEncoding = 4; lastKnownFileType = sourcecode.c.h; name = SKQueue.h; path = Class/Util/SKQueue.h; sourceTree = "<group>"; };
		D629EA331BCA18B3009295F5 /* SKQueue.m */ = {isa = PBXFileReference; fileEncoding = 4; lastKnownFileType = sourcecode.c.objc; name = SKQueue.m; path = Class/Util/SKQueue.m; sourceTree = "<group>"; };
		D646F1261BC37C4D00F2FF2F /* NSObject+HMSugarKit.h */ = {isa = PBXFileReference; fileEncoding = 4; lastKnownFileType = sourcecode.c.h; name = "NSObject+HMSugarKit.h"; path = "Class/Core/NSObject+HMSugarKit.h"; sourceTree = "<group>"; };
		D646F1271BC37C4D00F2FF2F /* NSObject+HMSugarKit.m */ = {isa = PBXFileReference; fileEncoding = 4; lastKnownFileType = sourcecode.c.objc; name = "NSObject+HMSugarKit.m"; path = "Class/Core/NSObject+HMSugarKit.m"; sourceTree = "<group>"; };
		D6542CF11BCB6B570041397D /* UIView+HMSugarKit.h */ = {isa = PBXFileReference; fileEncoding = 4; lastKnownFileType = sourcecode.c.h; name = "UIView+HMSugarKit.h"; path = "Class/UIKit/UIView+HMSugarKit.h"; sourceTree = "<group>"; };
		D6542CF21BCB6B570041397D /* UIView+HMSugarKit.m */ = {isa = PBXFileReference; fileEncoding = 4; lastKnownFileType = sourcecode.c.objc; name = "UIView+HMSugarKit.m"; path = "Class/UIKit/UIView+HMSugarKit.m"; sourceTree = "<group>"; };
		D69008951BBA7AB2005FF1B2 /* HMSugarKit.framework */ = {isa = PBXFileReference; explicitFileType = wrapper.framework; includeInIndex = 0; path = HMSugarKit.framework; sourceTree = BUILT_PRODUCTS_DIR; };
		D69008981BBA7AB2005FF1B2 /* HMSugarKit.h */ = {isa = PBXFileReference; lastKnownFileType = sourcecode.c.h; path = HMSugarKit.h; sourceTree = "<group>"; };
		D690089A1BBA7AB2005FF1B2 /* Info.plist */ = {isa = PBXFileReference; lastKnownFileType = text.plist.xml; path = Info.plist; sourceTree = "<group>"; };
		D690089F1BBA7AB2005FF1B2 /* HMSugarKitTests.xctest */ = {isa = PBXFileReference; explicitFileType = wrapper.cfbundle; includeInIndex = 0; path = HMSugarKitTests.xctest; sourceTree = BUILT_PRODUCTS_DIR; };
		D69008A41BBA7AB2005FF1B2 /* HMSugarKitTests.m */ = {isa = PBXFileReference; lastKnownFileType = sourcecode.c.objc; path = HMSugarKitTests.m; sourceTree = "<group>"; };
		D69008A61BBA7AB2005FF1B2 /* Info.plist */ = {isa = PBXFileReference; lastKnownFileType = text.plist.xml; path = Info.plist; sourceTree = "<group>"; };
		D69008B01BBA7AEB005FF1B2 /* NSNumber+HMSugarKit.h */ = {isa = PBXFileReference; fileEncoding = 4; lastKnownFileType = sourcecode.c.h; name = "NSNumber+HMSugarKit.h"; path = "Class/Core/NSNumber+HMSugarKit.h"; sourceTree = "<group>"; };
		D69008B11BBA7AEB005FF1B2 /* NSNumber+HMSugarKit.m */ = {isa = PBXFileReference; fileEncoding = 4; lastKnownFileType = sourcecode.c.objc; name = "NSNumber+HMSugarKit.m"; path = "Class/Core/NSNumber+HMSugarKit.m"; sourceTree = "<group>"; };
		D69008B51BBA90A9005FF1B2 /* NSDictionary+HMSugarKit.h */ = {isa = PBXFileReference; fileEncoding = 4; lastKnownFileType = sourcecode.c.h; name = "NSDictionary+HMSugarKit.h"; path = "Class/Core/NSDictionary+HMSugarKit.h"; sourceTree = "<group>"; };
		D69008B61BBA90A9005FF1B2 /* NSDictionary+HMSugarKit.m */ = {isa = PBXFileReference; fileEncoding = 4; lastKnownFileType = sourcecode.c.objc; name = "NSDictionary+HMSugarKit.m"; path = "Class/Core/NSDictionary+HMSugarKit.m"; sourceTree = "<group>"; };
		D69008BB1BBAB0E3005FF1B2 /* NSNumber+HMSugarKitTset.m */ = {isa = PBXFileReference; fileEncoding = 4; lastKnownFileType = sourcecode.c.objc; path = "NSNumber+HMSugarKitTset.m"; sourceTree = "<group>"; };
		D696A35F1BCE82B0006B3EE6 /* NSURL+HMSugarKit.h */ = {isa = PBXFileReference; fileEncoding = 4; lastKnownFileType = sourcecode.c.h; name = "NSURL+HMSugarKit.h"; path = "Class/Core/NSURL+HMSugarKit.h"; sourceTree = "<group>"; };
		D696A3601BCE82B0006B3EE6 /* NSURL+HMSugarKit.m */ = {isa = PBXFileReference; fileEncoding = 4; lastKnownFileType = sourcecode.c.objc; name = "NSURL+HMSugarKit.m"; path = "Class/Core/NSURL+HMSugarKit.m"; sourceTree = "<group>"; };
		D696A3671BCFCD38006B3EE6 /* CLLocation+HMSugarKit.h */ = {isa = PBXFileReference; fileEncoding = 4; lastKnownFileType = sourcecode.c.h; name = "CLLocation+HMSugarKit.h"; path = "Class/CoreLocation/CLLocation+HMSugarKit.h"; sourceTree = "<group>"; };
		D696A3681BCFCD38006B3EE6 /* CLLocation+HMSugarKit.m */ = {isa = PBXFileReference; fileEncoding = 4; lastKnownFileType = sourcecode.c.objc; name = "CLLocation+HMSugarKit.m"; path = "Class/CoreLocation/CLLocation+HMSugarKit.m"; sourceTree = "<group>"; };
		D696A3691BCFCD38006B3EE6 /* GetDistanceHubeny.h */ = {isa = PBXFileReference; fileEncoding = 4; lastKnownFileType = sourcecode.c.h; name = GetDistanceHubeny.h; path = Class/CoreLocation/GetDistanceHubeny.h; sourceTree = "<group>"; };
		D696A36A1BCFCD38006B3EE6 /* GetDistanceHubeny.m */ = {isa = PBXFileReference; fileEncoding = 4; lastKnownFileType = sourcecode.c.objc; name = GetDistanceHubeny.m; path = Class/CoreLocation/GetDistanceHubeny.m; sourceTree = "<group>"; };
		D696A36F1BCFCD63006B3EE6 /* UIViewController+HMSugarKit.h */ = {isa = PBXFileReference; fileEncoding = 4; lastKnownFileType = sourcecode.c.h; name = "UIViewController+HMSugarKit.h"; path = "Class/UIKit/UIViewController+HMSugarKit.h"; sourceTree = "<group>"; };
		D696A3701BCFCD63006B3EE6 /* UIViewController+HMSugarKit.m */ = {isa = PBXFileReference; fileEncoding = 4; lastKnownFileType = sourcecode.c.objc; name = "UIViewController+HMSugarKit.m"; path = "Class/UIKit/UIViewController+HMSugarKit.m"; sourceTree = "<group>"; };
		D696A3731BCFCD8A006B3EE6 /* HMSugarKitFunction.h */ = {isa = PBXFileReference; fileEncoding = 4; lastKnownFileType = sourcecode.c.h; name = HMSugarKitFunction.h; path = Class/Util/HMSugarKitFunction.h; sourceTree = "<group>"; };
		D696A3741BCFCD8A006B3EE6 /* HMSugarKitFunction.m */ = {isa = PBXFileReference; fileEncoding = 4; lastKnownFileType = sourcecode.c.objc; name = HMSugarKitFunction.m; path = Class/Util/HMSugarKitFunction.m; sourceTree = "<group>"; };
		D6A4D6821BBAB84E007AC112 /* NSDictionary+HMSugarKitTest.m */ = {isa = PBXFileReference; fileEncoding = 4; lastKnownFileType = sourcecode.c.objc; path = "NSDictionary+HMSugarKitTest.m"; sourceTree = "<group>"; };
		D6A4D6841BBACEA3007AC112 /* NSArray+HMSugarKit.h */ = {isa = PBXFileReference; fileEncoding = 4; lastKnownFileType = sourcecode.c.h; name = "NSArray+HMSugarKit.h"; path = "Class/Core/NSArray+HMSugarKit.h"; sourceTree = "<group>"; };
		D6A4D6851BBACEA3007AC112 /* NSArray+HMSugarKit.m */ = {isa = PBXFileReference; fileEncoding = 4; lastKnownFileType = sourcecode.c.objc; name = "NSArray+HMSugarKit.m"; path = "Class/Core/NSArray+HMSugarKit.m"; sourceTree = "<group>"; };
		D6B9F6791BBC9F2F0070EC6A /* LICENSE */ = {isa = PBXFileReference; fileEncoding = 4; lastKnownFileType = text; path = LICENSE; sourceTree = "<group>"; };
		D6C592BF1BC6220500EFEC9E /* UISlider+HMSugarKit.h */ = {isa = PBXFileReference; fileEncoding = 4; lastKnownFileType = sourcecode.c.h; name = "UISlider+HMSugarKit.h"; path = "Class/UIKit/UISlider+HMSugarKit.h"; sourceTree = "<group>"; };
		D6C592C01BC6220500EFEC9E /* UISlider+HMSugarKit.m */ = {isa = PBXFileReference; fileEncoding = 4; lastKnownFileType = sourcecode.c.objc; name = "UISlider+HMSugarKit.m"; path = "Class/UIKit/UISlider+HMSugarKit.m"; sourceTree = "<group>"; };
		D6C592C41BC622A300EFEC9E /* SKStep.h */ = {isa = PBXFileReference; fileEncoding = 4; lastKnownFileType = sourcecode.c.h; name = SKStep.h; path = Class/Util/SKStep.h; sourceTree = "<group>"; };
		D6C592C51BC622A300EFEC9E /* SKStep.m */ = {isa = PBXFileReference; fileEncoding = 4; lastKnownFileType = sourcecode.c.objc; name = SKStep.m; path = Class/Util/SKStep.m; sourceTree = "<group>"; };
		D6C592C81BC6283500EFEC9E /* SKStepTest.m */ = {isa = PBXFileReference; fileEncoding = 4; lastKnownFileType = sourcecode.c.objc; path = SKStepTest.m; sourceTree = "<group>"; };
		D6CC11BC1BCF9B13004769F4 /* SKLog.h */ = {isa = PBXFileReference; fileEncoding = 4; lastKnownFileType = sourcecode.c.h; path = SKLog.h; sourceTree = "<group>"; };
		D6D538F91BC22840002DB852 /* HMSugarKitCommon.h */ = {isa = PBXFileReference; lastKnownFileType = sourcecode.c.h; path = HMSugarKitCommon.h; sourceTree = "<group>"; };
		D6D61EAD1BC53B1C00B150E6 /* NSSet+HMSugarKit.h */ = {isa = PBXFileReference; fileEncoding = 4; lastKnownFileType = sourcecode.c.h; name = "NSSet+HMSugarKit.h"; path = "Class/Core/NSSet+HMSugarKit.h"; sourceTree = "<group>"; };
		D6D61EAE1BC53B1C00B150E6 /* NSSet+HMSugarKit.m */ = {isa = PBXFileReference; fileEncoding = 4; lastKnownFileType = sourcecode.c.objc; name = "NSSet+HMSugarKit.m"; path = "Class/Core/NSSet+HMSugarKit.m"; sourceTree = "<group>"; };
		D6D61EB11BC53B2700B150E6 /* NSDate+HMSugarKit.h */ = {isa = PBXFileReference; fileEncoding = 4; lastKnownFileType = sourcecode.c.h; name = "NSDate+HMSugarKit.h"; path = "Class/Core/NSDate+HMSugarKit.h"; sourceTree = "<group>"; };
		D6D61EB21BC53B2700B150E6 /* NSDate+HMSugarKit.m */ = {isa = PBXFileReference; fileEncoding = 4; lastKnownFileType = sourcecode.c.objc; name = "NSDate+HMSugarKit.m"; path = "Class/Core/NSDate+HMSugarKit.m"; sourceTree = "<group>"; };
		D6D61EB51BC53B5600B150E6 /* UIKitFunction+HMSugarKit.h */ = {isa = PBXFileReference; fileEncoding = 4; lastKnownFileType = sourcecode.c.h; name = "UIKitFunction+HMSugarKit.h"; path = "Class/UIKit/UIKitFunction+HMSugarKit.h"; sourceTree = "<group>"; };
		D6D61EB61BC53B5600B150E6 /* UIKitFunction+HMSugarKit.m */ = {isa = PBXFileReference; fileEncoding = 4; lastKnownFileType = sourcecode.c.objc; name = "UIKitFunction+HMSugarKit.m"; path = "Class/UIKit/UIKitFunction+HMSugarKit.m"; sourceTree = "<group>"; };
		D6D61EB71BC53B5600B150E6 /* UITableView+HMSugarKit.h */ = {isa = PBXFileReference; fileEncoding = 4; lastKnownFileType = sourcecode.c.h; name = "UITableView+HMSugarKit.h"; path = "Class/UIKit/UITableView+HMSugarKit.h"; sourceTree = "<group>"; };
		D6D61EB81BC53B5600B150E6 /* UITableView+HMSugarKit.m */ = {isa = PBXFileReference; fileEncoding = 4; lastKnownFileType = sourcecode.c.objc; name = "UITableView+HMSugarKit.m"; path = "Class/UIKit/UITableView+HMSugarKit.m"; sourceTree = "<group>"; };
		D6E28D921BBE33420094F714 /* SKRangeTest.m */ = {isa = PBXFileReference; fileEncoding = 4; lastKnownFileType = sourcecode.c.objc; path = SKRangeTest.m; sourceTree = "<group>"; };
		D6E7D03B1BBBB63B00F80BFA /* SKRange.h */ = {isa = PBXFileReference; fileEncoding = 4; lastKnownFileType = sourcecode.c.h; name = SKRange.h; path = Class/Core/SKRange.h; sourceTree = "<group>"; };
		D6E7D03C1BBBB63B00F80BFA /* SKRange.m */ = {isa = PBXFileReference; fileEncoding = 4; lastKnownFileType = sourcecode.c.objc; name = SKRange.m; path = Class/Core/SKRange.m; sourceTree = "<group>"; };
/* End PBXFileReference section */

/* Begin PBXFrameworksBuildPhase section */
		D69008911BBA7AB2005FF1B2 /* Frameworks */ = {
			isa = PBXFrameworksBuildPhase;
			buildActionMask = 2147483647;
			files = (
			);
			runOnlyForDeploymentPostprocessing = 0;
		};
		D690089C1BBA7AB2005FF1B2 /* Frameworks */ = {
			isa = PBXFrameworksBuildPhase;
			buildActionMask = 2147483647;
			files = (
				D69008A01BBA7AB2005FF1B2 /* HMSugarKit.framework in Frameworks */,
			);
			runOnlyForDeploymentPostprocessing = 0;
		};
/* End PBXFrameworksBuildPhase section */

/* Begin PBXGroup section */
		D68BFFEF1BC2642B00822BE5 /* UIKit */ = {
			isa = PBXGroup;
			children = (
				D696A36F1BCFCD63006B3EE6 /* UIViewController+HMSugarKit.h */,
				D696A3701BCFCD63006B3EE6 /* UIViewController+HMSugarKit.m */,
				D6D61EB51BC53B5600B150E6 /* UIKitFunction+HMSugarKit.h */,
				D6D61EB61BC53B5600B150E6 /* UIKitFunction+HMSugarKit.m */,
				D6D61EB71BC53B5600B150E6 /* UITableView+HMSugarKit.h */,
				D6D61EB81BC53B5600B150E6 /* UITableView+HMSugarKit.m */,
				D6C592BF1BC6220500EFEC9E /* UISlider+HMSugarKit.h */,
				D6C592C01BC6220500EFEC9E /* UISlider+HMSugarKit.m */,
				D624EA731BC7504D00B9B193 /* UIScrollView+HMSugarKit.h */,
				D624EA741BC7504D00B9B193 /* UIScrollView+HMSugarKit.m */,
				D6542CF11BCB6B570041397D /* UIView+HMSugarKit.h */,
				D6542CF21BCB6B570041397D /* UIView+HMSugarKit.m */,
				D61920D61BCDE4A000EF9896 /* UITextField+HMSugarKit.h */,
				D61920D71BCDE4A000EF9896 /* UITextField+HMSugarKit.m */,
			);
			name = UIKit;
			sourceTree = "<group>";
		};
		D690088B1BBA7AB2005FF1B2 = {
			isa = PBXGroup;
			children = (
				D69008971BBA7AB2005FF1B2 /* HMSugarKit */,
				D69008A31BBA7AB2005FF1B2 /* HMSugarKitTests */,
				D69008961BBA7AB2005FF1B2 /* Products */,
			);
			sourceTree = "<group>";
		};
		D69008961BBA7AB2005FF1B2 /* Products */ = {
			isa = PBXGroup;
			children = (
				D69008951BBA7AB2005FF1B2 /* HMSugarKit.framework */,
				D690089F1BBA7AB2005FF1B2 /* HMSugarKitTests.xctest */,
			);
			name = Products;
			sourceTree = "<group>";
		};
		D69008971BBA7AB2005FF1B2 /* HMSugarKit */ = {
			isa = PBXGroup;
			children = (
				D6CC11CD1BCF9D2B004769F4 /* MapKit */,
				D6CC11C41BCF9C93004769F4 /* CoreLocation */,
				D6CC11BB1BCF9AFB004769F4 /* Log */,
				D6C592C31BC6228100EFEC9E /* Util */,
				D68BFFEF1BC2642B00822BE5 /* UIKit */,
				D69008AF1BBA7AB8005FF1B2 /* Core */,
				D69008981BBA7AB2005FF1B2 /* HMSugarKit.h */,
				D690089A1BBA7AB2005FF1B2 /* Info.plist */,
				D6B9F6791BBC9F2F0070EC6A /* LICENSE */,
				D6D538F91BC22840002DB852 /* HMSugarKitCommon.h */,
			);
			path = HMSugarKit;
			sourceTree = "<group>";
		};
		D69008A31BBA7AB2005FF1B2 /* HMSugarKitTests */ = {
			isa = PBXGroup;
			children = (
				D69008BA1BBAB0B7005FF1B2 /* Class */,
				D69008A41BBA7AB2005FF1B2 /* HMSugarKitTests.m */,
				D69008A61BBA7AB2005FF1B2 /* Info.plist */,
			);
			path = HMSugarKitTests;
			sourceTree = "<group>";
		};
		D69008AF1BBA7AB8005FF1B2 /* Core */ = {
			isa = PBXGroup;
			children = (
				D696A35F1BCE82B0006B3EE6 /* NSURL+HMSugarKit.h */,
				D696A3601BCE82B0006B3EE6 /* NSURL+HMSugarKit.m */,
				D6D61EB11BC53B2700B150E6 /* NSDate+HMSugarKit.h */,
				D6D61EB21BC53B2700B150E6 /* NSDate+HMSugarKit.m */,
				D6D61EAD1BC53B1C00B150E6 /* NSSet+HMSugarKit.h */,
				D6D61EAE1BC53B1C00B150E6 /* NSSet+HMSugarKit.m */,
				D69008B01BBA7AEB005FF1B2 /* NSNumber+HMSugarKit.h */,
				D69008B11BBA7AEB005FF1B2 /* NSNumber+HMSugarKit.m */,
				D69008B51BBA90A9005FF1B2 /* NSDictionary+HMSugarKit.h */,
				D69008B61BBA90A9005FF1B2 /* NSDictionary+HMSugarKit.m */,
				D6A4D6841BBACEA3007AC112 /* NSArray+HMSugarKit.h */,
				D6A4D6851BBACEA3007AC112 /* NSArray+HMSugarKit.m */,
				D6E7D03B1BBBB63B00F80BFA /* SKRange.h */,
				D6E7D03C1BBBB63B00F80BFA /* SKRange.m */,
				D646F1261BC37C4D00F2FF2F /* NSObject+HMSugarKit.h */,
				D646F1271BC37C4D00F2FF2F /* NSObject+HMSugarKit.m */,
			);
			name = Core;
			sourceTree = "<group>";
		};
		D69008BA1BBAB0B7005FF1B2 /* Class */ = {
			isa = PBXGroup;
			children = (
				D69008BB1BBAB0E3005FF1B2 /* NSNumber+HMSugarKitTset.m */,
				D6A4D6821BBAB84E007AC112 /* NSDictionary+HMSugarKitTest.m */,
				D6E28D921BBE33420094F714 /* SKRangeTest.m */,
				D6C592C81BC6283500EFEC9E /* SKStepTest.m */,
			);
			name = Class;
			sourceTree = "<group>";
		};
		D6C592C31BC6228100EFEC9E /* Util */ = {
			isa = PBXGroup;
			children = (
				D696A3731BCFCD8A006B3EE6 /* HMSugarKitFunction.h */,
				D696A3741BCFCD8A006B3EE6 /* HMSugarKitFunction.m */,
				D6C592C41BC622A300EFEC9E /* SKStep.h */,
				D6C592C51BC622A300EFEC9E /* SKStep.m */,
				D629EA321BCA18B3009295F5 /* SKQueue.h */,
				D629EA331BCA18B3009295F5 /* SKQueue.m */,
			);
			name = Util;
			sourceTree = "<group>";
		};
		D6CC11BB1BCF9AFB004769F4 /* Log */ = {
			isa = PBXGroup;
			children = (
				D6CC11BC1BCF9B13004769F4 /* SKLog.h */,
			);
			name = Log;
			sourceTree = "<group>";
		};
		D6CC11C41BCF9C93004769F4 /* CoreLocation */ = {
			isa = PBXGroup;
			children = (
				D696A3671BCFCD38006B3EE6 /* CLLocation+HMSugarKit.h */,
				D696A3681BCFCD38006B3EE6 /* CLLocation+HMSugarKit.m */,
				D696A3691BCFCD38006B3EE6 /* GetDistanceHubeny.h */,
				D696A36A1BCFCD38006B3EE6 /* GetDistanceHubeny.m */,
			);
			name = CoreLocation;
			sourceTree = "<group>";
		};
		D6CC11CD1BCF9D2B004769F4 /* MapKit */ = {
			isa = PBXGroup;
			children = (
			);
			name = MapKit;
			sourceTree = "<group>";
		};
/* End PBXGroup section */

/* Begin PBXHeadersBuildPhase section */
		D69008921BBA7AB2005FF1B2 /* Headers */ = {
			isa = PBXHeadersBuildPhase;
			buildActionMask = 2147483647;
			files = (
				D6E7D03D1BBBB63B00F80BFA /* SKRange.h in Headers */,
				D6A4D6861BBACEA3007AC112 /* NSArray+HMSugarKit.h in Headers */,
				D6D61EB31BC53B2700B150E6 /* NSDate+HMSugarKit.h in Headers */,
				D6542CF31BCB6B570041397D /* UIView+HMSugarKit.h in Headers */,
				D696A3751BCFCD8A006B3EE6 /* HMSugarKitFunction.h in Headers */,
				D6C592C11BC6220500EFEC9E /* UISlider+HMSugarKit.h in Headers */,
				D629EA341BCA18B3009295F5 /* SKQueue.h in Headers */,
				D69008991BBA7AB2005FF1B2 /* HMSugarKit.h in Headers */,
				D69008B21BBA7AEB005FF1B2 /* NSNumber+HMSugarKit.h in Headers */,
				D646F1281BC37C4D00F2FF2F /* NSObject+HMSugarKit.h in Headers */,
				D61920D81BCDE4A000EF9896 /* UITextField+HMSugarKit.h in Headers */,
				D624EA751BC7504D00B9B193 /* UIScrollView+HMSugarKit.h in Headers */,
				D6CC11BE1BCF9B13004769F4 /* SKLog.h in Headers */,
				D696A36D1BCFCD38006B3EE6 /* GetDistanceHubeny.h in Headers */,
				D696A3711BCFCD63006B3EE6 /* UIViewController+HMSugarKit.h in Headers */,
				D69008B71BBA90A9005FF1B2 /* NSDictionary+HMSugarKit.h in Headers */,
				D696A36B1BCFCD38006B3EE6 /* CLLocation+HMSugarKit.h in Headers */,
				D6D61EB91BC53B5600B150E6 /* UIKitFunction+HMSugarKit.h in Headers */,
				D6D61EAF1BC53B1C00B150E6 /* NSSet+HMSugarKit.h in Headers */,
				D6D61EBB1BC53B5600B150E6 /* UITableView+HMSugarKit.h in Headers */,
				D696A3611BCE82B0006B3EE6 /* NSURL+HMSugarKit.h in Headers */,
				D6C592C61BC622A300EFEC9E /* SKStep.h in Headers */,
			);
			runOnlyForDeploymentPostprocessing = 0;
		};
/* End PBXHeadersBuildPhase section */

/* Begin PBXNativeTarget section */
		D69008941BBA7AB2005FF1B2 /* HMSugarKit */ = {
			isa = PBXNativeTarget;
			buildConfigurationList = D69008A91BBA7AB2005FF1B2 /* Build configuration list for PBXNativeTarget "HMSugarKit" */;
			buildPhases = (
				D69008901BBA7AB2005FF1B2 /* Sources */,
				D69008911BBA7AB2005FF1B2 /* Frameworks */,
				D69008921BBA7AB2005FF1B2 /* Headers */,
				D69008931BBA7AB2005FF1B2 /* Resources */,
			);
			buildRules = (
			);
			dependencies = (
			);
			name = HMSugarKit;
			productName = HMSugarKit;
			productReference = D69008951BBA7AB2005FF1B2 /* HMSugarKit.framework */;
			productType = "com.apple.product-type.framework";
		};
		D690089E1BBA7AB2005FF1B2 /* HMSugarKitTests */ = {
			isa = PBXNativeTarget;
			buildConfigurationList = D69008AC1BBA7AB2005FF1B2 /* Build configuration list for PBXNativeTarget "HMSugarKitTests" */;
			buildPhases = (
				D690089B1BBA7AB2005FF1B2 /* Sources */,
				D690089C1BBA7AB2005FF1B2 /* Frameworks */,
				D690089D1BBA7AB2005FF1B2 /* Resources */,
			);
			buildRules = (
			);
			dependencies = (
				D69008A21BBA7AB2005FF1B2 /* PBXTargetDependency */,
			);
			name = HMSugarKitTests;
			productName = HMSugarKitTests;
			productReference = D690089F1BBA7AB2005FF1B2 /* HMSugarKitTests.xctest */;
			productType = "com.apple.product-type.bundle.unit-test";
		};
/* End PBXNativeTarget section */

/* Begin PBXProject section */
		D690088C1BBA7AB2005FF1B2 /* Project object */ = {
			isa = PBXProject;
			attributes = {
				LastUpgradeCheck = 0700;
				ORGANIZATIONNAME = "Muronaka Hiroaki";
				TargetAttributes = {
					D69008941BBA7AB2005FF1B2 = {
						CreatedOnToolsVersion = 7.0.1;
					};
					D690089E1BBA7AB2005FF1B2 = {
						CreatedOnToolsVersion = 7.0.1;
					};
				};
			};
			buildConfigurationList = D690088F1BBA7AB2005FF1B2 /* Build configuration list for PBXProject "HMSugarKit" */;
			compatibilityVersion = "Xcode 3.2";
			developmentRegion = English;
			hasScannedForEncodings = 0;
			knownRegions = (
				en,
			);
			mainGroup = D690088B1BBA7AB2005FF1B2;
			productRefGroup = D69008961BBA7AB2005FF1B2 /* Products */;
			projectDirPath = "";
			projectRoot = "";
			targets = (
				D69008941BBA7AB2005FF1B2 /* HMSugarKit */,
				D690089E1BBA7AB2005FF1B2 /* HMSugarKitTests */,
			);
		};
/* End PBXProject section */

/* Begin PBXResourcesBuildPhase section */
		D69008931BBA7AB2005FF1B2 /* Resources */ = {
			isa = PBXResourcesBuildPhase;
			buildActionMask = 2147483647;
			files = (
				D6B9F67A1BBC9F2F0070EC6A /* LICENSE in Resources */,
			);
			runOnlyForDeploymentPostprocessing = 0;
		};
		D690089D1BBA7AB2005FF1B2 /* Resources */ = {
			isa = PBXResourcesBuildPhase;
			buildActionMask = 2147483647;
			files = (
			);
			runOnlyForDeploymentPostprocessing = 0;
		};
/* End PBXResourcesBuildPhase section */

/* Begin PBXSourcesBuildPhase section */
		D69008901BBA7AB2005FF1B2 /* Sources */ = {
			isa = PBXSourcesBuildPhase;
			buildActionMask = 2147483647;
			files = (
				D696A36C1BCFCD38006B3EE6 /* CLLocation+HMSugarKit.m in Sources */,
				D69008B31BBA7AEB005FF1B2 /* NSNumber+HMSugarKit.m in Sources */,
				D696A3761BCFCD8A006B3EE6 /* HMSugarKitFunction.m in Sources */,
				D6C592C21BC6220500EFEC9E /* UISlider+HMSugarKit.m in Sources */,
				D646F1291BC37C4D00F2FF2F /* NSObject+HMSugarKit.m in Sources */,
				D6D61EB01BC53B1C00B150E6 /* NSSet+HMSugarKit.m in Sources */,
				D696A3721BCFCD63006B3EE6 /* UIViewController+HMSugarKit.m in Sources */,
				D61920D91BCDE4A000EF9896 /* UITextField+HMSugarKit.m in Sources */,
				D6D61EBC1BC53B5600B150E6 /* UITableView+HMSugarKit.m in Sources */,
				D6D61EBA1BC53B5600B150E6 /* UIKitFunction+HMSugarKit.m in Sources */,
				D624EA761BC7504D00B9B193 /* UIScrollView+HMSugarKit.m in Sources */,
				D69008B81BBA90A9005FF1B2 /* NSDictionary+HMSugarKit.m in Sources */,
				D696A36E1BCFCD38006B3EE6 /* GetDistanceHubeny.m in Sources */,
				D6C592C71BC622A300EFEC9E /* SKStep.m in Sources */,
				D6E7D03E1BBBB63B00F80BFA /* SKRange.m in Sources */,
				D696A3621BCE82B0006B3EE6 /* NSURL+HMSugarKit.m in Sources */,
				D629EA351BCA18B3009295F5 /* SKQueue.m in Sources */,
				D6542CF41BCB6B570041397D /* UIView+HMSugarKit.m in Sources */,
				D6A4D6871BBACEA3007AC112 /* NSArray+HMSugarKit.m in Sources */,
				D6D61EB41BC53B2700B150E6 /* NSDate+HMSugarKit.m in Sources */,
			);
			runOnlyForDeploymentPostprocessing = 0;
		};
		D690089B1BBA7AB2005FF1B2 /* Sources */ = {
			isa = PBXSourcesBuildPhase;
			buildActionMask = 2147483647;
			files = (
				D6C592C91BC6283500EFEC9E /* SKStepTest.m in Sources */,
				D69008BC1BBAB0E3005FF1B2 /* NSNumber+HMSugarKitTset.m in Sources */,
				D69008B41BBA7AEB005FF1B2 /* NSNumber+HMSugarKit.m in Sources */,
				D69008A51BBA7AB2005FF1B2 /* HMSugarKitTests.m in Sources */,
				D6A4D6831BBAB84E007AC112 /* NSDictionary+HMSugarKitTest.m in Sources */,
				D69008B91BBA90A9005FF1B2 /* NSDictionary+HMSugarKit.m in Sources */,
				D6A4D6881BBACEA9007AC112 /* NSArray+HMSugarKit.m in Sources */,
				D6E7D03F1BBBB63B00F80BFA /* SKRange.m in Sources */,
				D6E28D931BBE33420094F714 /* SKRangeTest.m in Sources */,
			);
			runOnlyForDeploymentPostprocessing = 0;
		};
/* End PBXSourcesBuildPhase section */

/* Begin PBXTargetDependency section */
		D69008A21BBA7AB2005FF1B2 /* PBXTargetDependency */ = {
			isa = PBXTargetDependency;
			target = D69008941BBA7AB2005FF1B2 /* HMSugarKit */;
			targetProxy = D69008A11BBA7AB2005FF1B2 /* PBXContainerItemProxy */;
		};
/* End PBXTargetDependency section */

/* Begin XCBuildConfiguration section */
		D69008A71BBA7AB2005FF1B2 /* Debug */ = {
			isa = XCBuildConfiguration;
			buildSettings = {
				ALWAYS_SEARCH_USER_PATHS = NO;
				CLANG_CXX_LANGUAGE_STANDARD = "gnu++0x";
				CLANG_CXX_LIBRARY = "libc++";
				CLANG_ENABLE_MODULES = YES;
				CLANG_ENABLE_OBJC_ARC = YES;
				CLANG_WARN_BOOL_CONVERSION = YES;
				CLANG_WARN_CONSTANT_CONVERSION = YES;
				CLANG_WARN_DIRECT_OBJC_ISA_USAGE = YES_ERROR;
				CLANG_WARN_EMPTY_BODY = YES;
				CLANG_WARN_ENUM_CONVERSION = YES;
				CLANG_WARN_INT_CONVERSION = YES;
				CLANG_WARN_OBJC_ROOT_CLASS = YES_ERROR;
				CLANG_WARN_UNREACHABLE_CODE = YES;
				CLANG_WARN__DUPLICATE_METHOD_MATCH = YES;
				"CODE_SIGN_IDENTITY[sdk=iphoneos*]" = "iPhone Developer";
				COPY_PHASE_STRIP = NO;
				CURRENT_PROJECT_VERSION = 1;
				DEBUG_INFORMATION_FORMAT = dwarf;
				ENABLE_STRICT_OBJC_MSGSEND = YES;
				ENABLE_TESTABILITY = YES;
				GCC_C_LANGUAGE_STANDARD = gnu99;
				GCC_DYNAMIC_NO_PIC = NO;
				GCC_NO_COMMON_BLOCKS = YES;
				GCC_OPTIMIZATION_LEVEL = 0;
				GCC_PREPROCESSOR_DEFINITIONS = (
					"DEBUG=1",
					"$(inherited)",
				);
				GCC_WARN_64_TO_32_BIT_CONVERSION = YES;
				GCC_WARN_ABOUT_RETURN_TYPE = YES_ERROR;
				GCC_WARN_UNDECLARED_SELECTOR = YES;
				GCC_WARN_UNINITIALIZED_AUTOS = YES_AGGRESSIVE;
				GCC_WARN_UNUSED_FUNCTION = YES;
				GCC_WARN_UNUSED_VARIABLE = YES;
				IPHONEOS_DEPLOYMENT_TARGET = 9.0;
				MTL_ENABLE_DEBUG_INFO = YES;
				ONLY_ACTIVE_ARCH = YES;
				SDKROOT = iphoneos;
				TARGETED_DEVICE_FAMILY = "1,2";
				VERSIONING_SYSTEM = "apple-generic";
				VERSION_INFO_PREFIX = "";
			};
			name = Debug;
		};
		D69008A81BBA7AB2005FF1B2 /* Release */ = {
			isa = XCBuildConfiguration;
			buildSettings = {
				ALWAYS_SEARCH_USER_PATHS = NO;
				CLANG_CXX_LANGUAGE_STANDARD = "gnu++0x";
				CLANG_CXX_LIBRARY = "libc++";
				CLANG_ENABLE_MODULES = YES;
				CLANG_ENABLE_OBJC_ARC = YES;
				CLANG_WARN_BOOL_CONVERSION = YES;
				CLANG_WARN_CONSTANT_CONVERSION = YES;
				CLANG_WARN_DIRECT_OBJC_ISA_USAGE = YES_ERROR;
				CLANG_WARN_EMPTY_BODY = YES;
				CLANG_WARN_ENUM_CONVERSION = YES;
				CLANG_WARN_INT_CONVERSION = YES;
				CLANG_WARN_OBJC_ROOT_CLASS = YES_ERROR;
				CLANG_WARN_UNREACHABLE_CODE = YES;
				CLANG_WARN__DUPLICATE_METHOD_MATCH = YES;
				"CODE_SIGN_IDENTITY[sdk=iphoneos*]" = "iPhone Developer";
				COPY_PHASE_STRIP = NO;
				CURRENT_PROJECT_VERSION = 1;
				DEBUG_INFORMATION_FORMAT = "dwarf-with-dsym";
				ENABLE_NS_ASSERTIONS = NO;
				ENABLE_STRICT_OBJC_MSGSEND = YES;
				GCC_C_LANGUAGE_STANDARD = gnu99;
				GCC_NO_COMMON_BLOCKS = YES;
				GCC_WARN_64_TO_32_BIT_CONVERSION = YES;
				GCC_WARN_ABOUT_RETURN_TYPE = YES_ERROR;
				GCC_WARN_UNDECLARED_SELECTOR = YES;
				GCC_WARN_UNINITIALIZED_AUTOS = YES_AGGRESSIVE;
				GCC_WARN_UNUSED_FUNCTION = YES;
				GCC_WARN_UNUSED_VARIABLE = YES;
				IPHONEOS_DEPLOYMENT_TARGET = 9.0;
				MTL_ENABLE_DEBUG_INFO = NO;
				SDKROOT = iphoneos;
				TARGETED_DEVICE_FAMILY = "1,2";
				VALIDATE_PRODUCT = YES;
				VERSIONING_SYSTEM = "apple-generic";
				VERSION_INFO_PREFIX = "";
			};
			name = Release;
		};
		D69008AA1BBA7AB2005FF1B2 /* Debug */ = {
			isa = XCBuildConfiguration;
			buildSettings = {
				DEFINES_MODULE = YES;
				DYLIB_COMPATIBILITY_VERSION = 1;
				DYLIB_CURRENT_VERSION = 1;
				DYLIB_INSTALL_NAME_BASE = "@rpath";
				INFOPLIST_FILE = HMSugarKit/Info.plist;
				INSTALL_PATH = "$(LOCAL_LIBRARY_DIR)/Frameworks";
				LD_RUNPATH_SEARCH_PATHS = "$(inherited) @executable_path/Frameworks @loader_path/Frameworks";
				PRODUCT_BUNDLE_IDENTIFIER = hmuronaka.HMSugarKit;
				PRODUCT_NAME = "$(TARGET_NAME)";
				SKIP_INSTALL = YES;
			};
			name = Debug;
		};
		D69008AB1BBA7AB2005FF1B2 /* Release */ = {
			isa = XCBuildConfiguration;
			buildSettings = {
				DEFINES_MODULE = YES;
				DYLIB_COMPATIBILITY_VERSION = 1;
				DYLIB_CURRENT_VERSION = 1;
				DYLIB_INSTALL_NAME_BASE = "@rpath";
				INFOPLIST_FILE = HMSugarKit/Info.plist;
				INSTALL_PATH = "$(LOCAL_LIBRARY_DIR)/Frameworks";
				LD_RUNPATH_SEARCH_PATHS = "$(inherited) @executable_path/Frameworks @loader_path/Frameworks";
				PRODUCT_BUNDLE_IDENTIFIER = hmuronaka.HMSugarKit;
				PRODUCT_NAME = "$(TARGET_NAME)";
				SKIP_INSTALL = YES;
			};
			name = Release;
		};
		D69008AD1BBA7AB2005FF1B2 /* Debug */ = {
			isa = XCBuildConfiguration;
			buildSettings = {
				INFOPLIST_FILE = HMSugarKitTests/Info.plist;
				LD_RUNPATH_SEARCH_PATHS = "$(inherited) @executable_path/Frameworks @loader_path/Frameworks";
				PRODUCT_BUNDLE_IDENTIFIER = hmuronaka.HMSugarKitTests;
				PRODUCT_NAME = "$(TARGET_NAME)";
			};
			name = Debug;
		};
		D69008AE1BBA7AB2005FF1B2 /* Release */ = {
			isa = XCBuildConfiguration;
			buildSettings = {
				INFOPLIST_FILE = HMSugarKitTests/Info.plist;
				LD_RUNPATH_SEARCH_PATHS = "$(inherited) @executable_path/Frameworks @loader_path/Frameworks";
				PRODUCT_BUNDLE_IDENTIFIER = hmuronaka.HMSugarKitTests;
				PRODUCT_NAME = "$(TARGET_NAME)";
			};
			name = Release;
		};
/* End XCBuildConfiguration section */

/* Begin XCConfigurationList section */
		D690088F1BBA7AB2005FF1B2 /* Build configuration list for PBXProject "HMSugarKit" */ = {
			isa = XCConfigurationList;
			buildConfigurations = (
				D69008A71BBA7AB2005FF1B2 /* Debug */,
				D69008A81BBA7AB2005FF1B2 /* Release */,
			);
			defaultConfigurationIsVisible = 0;
			defaultConfigurationName = Release;
		};
		D69008A91BBA7AB2005FF1B2 /* Build configuration list for PBXNativeTarget "HMSugarKit" */ = {
			isa = XCConfigurationList;
			buildConfigurations = (
				D69008AA1BBA7AB2005FF1B2 /* Debug */,
				D69008AB1BBA7AB2005FF1B2 /* Release */,
			);
			defaultConfigurationIsVisible = 0;
			defaultConfigurationName = Release;
		};
		D69008AC1BBA7AB2005FF1B2 /* Build configuration list for PBXNativeTarget "HMSugarKitTests" */ = {
			isa = XCConfigurationList;
			buildConfigurations = (
				D69008AD1BBA7AB2005FF1B2 /* Debug */,
				D69008AE1BBA7AB2005FF1B2 /* Release */,
			);
			defaultConfigurationIsVisible = 0;
			defaultConfigurationName = Release;
		};
/* End XCConfigurationList section */
	};
	rootObject = D690088C1BBA7AB2005FF1B2 /* Project object */;
}
